
Microsoft Visual Studio Solution File, Format Version 12.00
# Visual Studio Version 16
VisualStudioVersion = 16.0.31321.278
MinimumVisualStudioVersion = 10.0.40219.1
Project("{FAE04EC0-301F-11D3-BF4B-00C04F79EFBC}") = "IMX.AnalyzeDataTool", "IMX.AnalyzeDataTool.csproj", "{4F43ADA3-3680-4C54-8E3E-AE5748BE94E4}"
EndProject
Global
	GlobalSection(SolutionConfigurationPlatforms) = preSolution
		Debug|Any CPU = Debug|Any CPU
		Release|Any CPU = Release|Any CPU
	EndGlobalSection
	GlobalSection(ProjectConfigurationPlatforms) = postSolution
		{4F43ADA3-3680-4C54-8E3E-AE5748BE94E4}.Debug|Any CPU.ActiveCfg = Debug|Any CPU
		{4F43ADA3-3680-4C54-8E3E-AE5748BE94E4}.Debug|Any CPU.Build.0 = Debug|Any CPU
		{4F43ADA3-3680-4C54-8E3E-AE5748BE94E4}.Release|Any CPU.ActiveCfg = Release|Any CPU
		{4F43ADA3-3680-4C54-8E3E-AE5748BE94E4}.Release|Any CPU.Build.0 = Release|Any CPU
	EndGlobalSection
	GlobalSection(SolutionProperties) = preSolution
		HideSolutionNode = FALSE
	EndGlobalSection
	GlobalSection(ExtensibilityGlobals) = postSolution
		SolutionGuid = {98EB49BA-7977-402B-89EA-94383C689CB7}
	EndGlobalSection
EndGlobal
